// !$*UTF8*$!
{
	archiveVersion = 1;
	classes = {
	};
	objectVersion = 46;
	objects = {

/* Begin PBXBuildFile section */
		4E22421C1A259D87003AC27D /* main.m in Sources */ = {isa = PBXBuildFile; fileRef = 4E22421B1A259D87003AC27D /* main.m */; };
		4E22421F1A259D87003AC27D /* AppDelegate.m in Sources */ = {isa = PBXBuildFile; fileRef = 4E22421E1A259D87003AC27D /* AppDelegate.m */; };
		4E2242221A259D87003AC27D /* ViewController.m in Sources */ = {isa = PBXBuildFile; fileRef = 4E2242211A259D87003AC27D /* ViewController.m */; };
		4E2242251A259D87003AC27D /* Main.storyboard in Resources */ = {isa = PBXBuildFile; fileRef = 4E2242231A259D87003AC27D /* Main.storyboard */; };
		4E2242271A259D87003AC27D /* Images.xcassets in Resources */ = {isa = PBXBuildFile; fileRef = 4E2242261A259D87003AC27D /* Images.xcassets */; };
		4E22422A1A259D87003AC27D /* LaunchScreen.xib in Resources */ = {isa = PBXBuildFile; fileRef = 4E2242281A259D87003AC27D /* LaunchScreen.xib */; };
		4E2242361A259D87003AC27D /* TreeLightsTests.m in Sources */ = {isa = PBXBuildFile; fileRef = 4E2242351A259D87003AC27D /* TreeLightsTests.m */; };
/* End PBXBuildFile section */

/* Begin PBXContainerItemProxy section */
		4E2242301A259D87003AC27D /* PBXContainerItemProxy */ = {
			isa = PBXContainerItemProxy;
			containerPortal = 4E22420E1A259D87003AC27D /* Project object */;
			proxyType = 1;
			remoteGlobalIDString = 4E2242151A259D87003AC27D;
			remoteInfo = TreeLights;
		};
/* End PBXContainerItemProxy section */

/* Begin PBXFileReference section */
		4E2242161A259D87003AC27D /* TreeLights.app */ = {isa = PBXFileReference; explicitFileType = wrapper.application; includeInIndex = 0; path = TreeLights.app; sourceTree = BUILT_PRODUCTS_DIR; };
		4E22421A1A259D87003AC27D /* Info.plist */ = {isa = PBXFileReference; lastKnownFileType = text.plist.xml; path = Info.plist; sourceTree = "<group>"; };
		4E22421B1A259D87003AC27D /* main.m */ = {isa = PBXFileReference; lastKnownFileType = sourcecode.c.objc; path = main.m; sourceTree = "<group>"; };
		4E22421D1A259D87003AC27D /* AppDelegate.h */ = {isa = PBXFileReference; lastKnownFileType = sourcecode.c.h; path = AppDelegate.h; sourceTree = "<group>"; };
		4E22421E1A259D87003AC27D /* AppDelegate.m */ = {isa = PBXFileReference; lastKnownFileType = sourcecode.c.objc; path = AppDelegate.m; sourceTree = "<group>"; };
		4E2242201A259D87003AC27D /* ViewController.h */ = {isa = PBXFileReference; lastKnownFileType = sourcecode.c.h; path = ViewController.h; sourceTree = "<group>"; };
		4E2242211A259D87003AC27D /* ViewController.m */ = {isa = PBXFileReference; lastKnownFileType = sourcecode.c.objc; path = ViewController.m; sourceTree = "<group>"; };
		4E2242241A259D87003AC27D /* Base */ = {isa = PBXFileReference; lastKnownFileType = file.storyboard; name = Base; path = Base.lproj/Main.storyboard; sourceTree = "<group>"; };
		4E2242261A259D87003AC27D /* Images.xcassets */ = {isa = PBXFileReference; lastKnownFileType = folder.assetcatalog; path = Images.xcassets; sourceTree = "<group>"; };
		4E2242291A259D87003AC27D /* Base */ = {isa = PBXFileReference; lastKnownFileType = file.xib; name = Base; path = Base.lproj/LaunchScreen.xib; sourceTree = "<group>"; };
		4E22422F1A259D87003AC27D /* TreeLightsTests.xctest */ = {isa = PBXFileReference; explicitFileType = wrapper.cfbundle; includeInIndex = 0; path = TreeLightsTests.xctest; sourceTree = BUILT_PRODUCTS_DIR; };
		4E2242341A259D87003AC27D /* Info.plist */ = {isa = PBXFileReference; lastKnownFileType = text.plist.xml; path = Info.plist; sourceTree = "<group>"; };
		4E2242351A259D87003AC27D /* TreeLightsTests.m */ = {isa = PBXFileReference; lastKnownFileType = sourcecode.c.objc; path = TreeLightsTests.m; sourceTree = "<group>"; };
/* End PBXFileReference section */

/* Begin PBXFrameworksBuildPhase section */
		4E2242131A259D87003AC27D /* Frameworks */ = {
			isa = PBXFrameworksBuildPhase;
			buildActionMask = 2147483647;
			files = (
			);
			runOnlyForDeploymentPostprocessing = 0;
		};
		4E22422C1A259D87003AC27D /* Frameworks */ = {
			isa = PBXFrameworksBuildPhase;
			buildActionMask = 2147483647;
			files = (
			);
			runOnlyForDeploymentPostprocessing = 0;
		};
/* End PBXFrameworksBuildPhase section */

/* Begin PBXGroup section */
		4E22420D1A259D87003AC27D = {
			isa = PBXGroup;
			children = (
				4E2242181A259D87003AC27D /* TreeLights */,
				4E2242321A259D87003AC27D /* TreeLightsTests */,
				4E2242171A259D87003AC27D /* Products */,
			);
			sourceTree = "<group>";
		};
		4E2242171A259D87003AC27D /* Products */ = {
			isa = PBXGroup;
			children = (
				4E2242161A259D87003AC27D /* TreeLights.app */,
				4E22422F1A259D87003AC27D /* TreeLightsTests.xctest */,
			);
			name = Products;
			sourceTree = "<group>";
		};
		4E2242181A259D87003AC27D /* TreeLights */ = {
			isa = PBXGroup;
			children = (
				4E22421D1A259D87003AC27D /* AppDelegate.h */,
				4E22421E1A259D87003AC27D /* AppDelegate.m */,
				4E2242201A259D87003AC27D /* ViewController.h */,
				4E2242211A259D87003AC27D /* ViewController.m */,
				4E2242231A259D87003AC27D /* Main.storyboard */,
				4E2242261A259D87003AC27D /* Images.xcassets */,
				4E2242281A259D87003AC27D /* LaunchScreen.xib */,
				4E2242191A259D87003AC27D /* Supporting Files */,
			);
			path = TreeLights;
			sourceTree = "<group>";
		};
		4E2242191A259D87003AC27D /* Supporting Files */ = {
			isa = PBXGroup;
			children = (
				4E22421A1A259D87003AC27D /* Info.plist */,
				4E22421B1A259D87003AC27D /* main.m */,
			);
			name = "Supporting Files";
			sourceTree = "<group>";
		};
		4E2242321A259D87003AC27D /* TreeLightsTests */ = {
			isa = PBXGroup;
			children = (
				4E2242351A259D87003AC27D /* TreeLightsTests.m */,
				4E2242331A259D87003AC27D /* Supporting Files */,
			);
			path = TreeLightsTests;
			sourceTree = "<group>";
		};
		4E2242331A259D87003AC27D /* Supporting Files */ = {
			isa = PBXGroup;
			children = (
				4E2242341A259D87003AC27D /* Info.plist */,
			);
			name = "Supporting Files";
			sourceTree = "<group>";
		};
/* End PBXGroup section */

/* Begin PBXNativeTarget section */
		4E2242151A259D87003AC27D /* TreeLights */ = {
			isa = PBXNativeTarget;
			buildConfigurationList = 4E2242391A259D87003AC27D /* Build configuration list for PBXNativeTarget "TreeLights" */;
			buildPhases = (
				4E2242121A259D87003AC27D /* Sources */,
				4E2242131A259D87003AC27D /* Frameworks */,
				4E2242141A259D87003AC27D /* Resources */,
			);
			buildRules = (
			);
			dependencies = (
			);
			name = TreeLights;
			productName = TreeLights;
			productReference = 4E2242161A259D87003AC27D /* TreeLights.app */;
			productType = "com.apple.product-type.application";
		};
		4E22422E1A259D87003AC27D /* TreeLightsTests */ = {
			isa = PBXNativeTarget;
			buildConfigurationList = 4E22423C1A259D87003AC27D /* Build configuration list for PBXNativeTarget "TreeLightsTests" */;
			buildPhases = (
				4E22422B1A259D87003AC27D /* Sources */,
				4E22422C1A259D87003AC27D /* Frameworks */,
				4E22422D1A259D87003AC27D /* Resources */,
			);
			buildRules = (
			);
			dependencies = (
				4E2242311A259D87003AC27D /* PBXTargetDependency */,
			);
			name = TreeLightsTests;
			productName = TreeLightsTests;
			productReference = 4E22422F1A259D87003AC27D /* TreeLightsTests.xctest */;
			productType = "com.apple.product-type.bundle.unit-test";
		};
/* End PBXNativeTarget section */

/* Begin PBXProject section */
		4E22420E1A259D87003AC27D /* Project object */ = {
			isa = PBXProject;
			attributes = {
				LastUpgradeCheck = 0610;
				ORGANIZATIONNAME = "Gary Ashton-Jones";
				TargetAttributes = {
					4E2242151A259D87003AC27D = {
						CreatedOnToolsVersion = 6.1;
						DevelopmentTeam = 2DQW8Q9WEU;
					};
					4E22422E1A259D87003AC27D = {
						CreatedOnToolsVersion = 6.1;
						TestTargetID = 4E2242151A259D87003AC27D;
					};
				};
			};
			buildConfigurationList = 4E2242111A259D87003AC27D /* Build configuration list for PBXProject "TreeLights" */;
			compatibilityVersion = "Xcode 3.2";
			developmentRegion = English;
			hasScannedForEncodings = 0;
			knownRegions = (
				en,
				Base,
			);
			mainGroup = 4E22420D1A259D87003AC27D;
			productRefGroup = 4E2242171A259D87003AC27D /* Products */;
			projectDirPath = "";
			projectRoot = "";
			targets = (
				4E2242151A259D87003AC27D /* TreeLights */,
				4E22422E1A259D87003AC27D /* TreeLightsTests */,
			);
		};
/* End PBXProject section */

/* Begin PBXResourcesBuildPhase section */
		4E2242141A259D87003AC27D /* Resources */ = {
			isa = PBXResourcesBuildPhase;
			buildActionMask = 2147483647;
			files = (
				4E2242251A259D87003AC27D /* Main.storyboard in Resources */,
				4E22422A1A259D87003AC27D /* LaunchScreen.xib in Resources */,
				4E2242271A259D87003AC27D /* Images.xcassets in Resources */,
			);
			runOnlyForDeploymentPostprocessing = 0;
		};
		4E22422D1A259D87003AC27D /* Resources */ = {
			isa = PBXResourcesBuildPhase;
			buildActionMask = 2147483647;
			files = (
			);
			runOnlyForDeploymentPostprocessing = 0;
		};
/* End PBXResourcesBuildPhase section */

/* Begin PBXSourcesBuildPhase section */
		4E2242121A259D87003AC27D /* Sources */ = {
			isa = PBXSourcesBuildPhase;
			buildActionMask = 2147483647;
			files = (
				4E2242221A259D87003AC27D /* ViewController.m in Sources */,
				4E22421F1A259D87003AC27D /* AppDelegate.m in Sources */,
				4E22421C1A259D87003AC27D /* main.m in Sources */,
			);
			runOnlyForDeploymentPostprocessing = 0;
		};
		4E22422B1A259D87003AC27D /* Sources */ = {
			isa = PBXSourcesBuildPhase;
			buildActionMask = 2147483647;
			files = (
				4E2242361A259D87003AC27D /* TreeLightsTests.m in Sources */,
			);
			runOnlyForDeploymentPostprocessing = 0;
		};
/* End PBXSourcesBuildPhase section */

/* Begin PBXTargetDependency section */
		4E2242311A259D87003AC27D /* PBXTargetDependency */ = {
			isa = PBXTargetDependency;
			target = 4E2242151A259D87003AC27D /* TreeLights */;
			targetProxy = 4E2242301A259D87003AC27D /* PBXContainerItemProxy */;
		};
/* End PBXTargetDependency section */

/* Begin PBXVariantGroup section */
		4E2242231A259D87003AC27D /* Main.storyboard */ = {
			isa = PBXVariantGroup;
			children = (
				4E2242241A259D87003AC27D /* Base */,
			);
			name = Main.storyboard;
			sourceTree = "<group>";
		};
		4E2242281A259D87003AC27D /* LaunchScreen.xib */ = {
			isa = PBXVariantGroup;
			children = (
				4E2242291A259D87003AC27D /* Base */,
			);
			name = LaunchScreen.xib;
			sourceTree = "<group>";
		};
/* End PBXVariantGroup section */

/* Begin XCBuildConfiguration section */
		4E2242371A259D87003AC27D /* Debug */ = {
			isa = XCBuildConfiguration;
			buildSettings = {
				ALWAYS_SEARCH_USER_PATHS = NO;
				CLANG_CXX_LANGUAGE_STANDARD = "gnu++0x";
				CLANG_CXX_LIBRARY = "libc++";
				CLANG_ENABLE_MODULES = YES;
				CLANG_ENABLE_OBJC_ARC = YES;
				CLANG_WARN_BOOL_CONVERSION = YES;
				CLANG_WARN_CONSTANT_CONVERSION = YES;
				CLANG_WARN_DIRECT_OBJC_ISA_USAGE = YES_ERROR;
				CLANG_WARN_EMPTY_BODY = YES;
				CLANG_WARN_ENUM_CONVERSION = YES;
				CLANG_WARN_INT_CONVERSION = YES;
				CLANG_WARN_OBJC_ROOT_CLASS = YES_ERROR;
				CLANG_WARN_UNREACHABLE_CODE = YES;
				CLANG_WARN__DUPLICATE_METHOD_MATCH = YES;
				"CODE_SIGN_IDENTITY[sdk=iphoneos*]" = "iPhone Developer";
				COPY_PHASE_STRIP = NO;
				ENABLE_STRICT_OBJC_MSGSEND = YES;
				GCC_C_LANGUAGE_STANDARD = gnu99;
				GCC_DYNAMIC_NO_PIC = NO;
				GCC_OPTIMIZATION_LEVEL = 0;
				GCC_PREPROCESSOR_DEFINITIONS = (
					"DEBUG=1",
					"$(inherited)",
				);
				GCC_SYMBOLS_PRIVATE_EXTERN = NO;
				GCC_WARN_64_TO_32_BIT_CONVERSION = YES;
				GCC_WARN_ABOUT_RETURN_TYPE = YES_ERROR;
				GCC_WARN_UNDECLARED_SELECTOR = YES;
				GCC_WARN_UNINITIALIZED_AUTOS = YES_AGGRESSIVE;
				GCC_WARN_UNUSED_FUNCTION = YES;
				GCC_WARN_UNUSED_VARIABLE = YES;
				IPHONEOS_DEPLOYMENT_TARGET = 8.1;
				MTL_ENABLE_DEBUG_INFO = YES;
				ONLY_ACTIVE_ARCH = YES;
				SDKROOT = iphoneos;
				TARGETED_DEVICE_FAMILY = "1,2";
			};
			name = Debug;
		};
		4E2242381A259D87003AC27D /* Release */ = {
			isa = XCBuildConfiguration;
			buildSettings = {
				ALWAYS_SEARCH_USER_PATHS = NO;
				CLANG_CXX_LANGUAGE_STANDARD = "gnu++0x";
				CLANG_CXX_LIBRARY = "libc++";
				CLANG_ENABLE_MODULES = YES;
				CLANG_ENABLE_OBJC_ARC = YES;
				CLANG_WARN_BOOL_CONVERSION = YES;
				CLANG_WARN_CONSTANT_CONVERSION = YES;
				CLANG_WARN_DIRECT_OBJC_ISA_USAGE = YES_ERROR;
				CLANG_WARN_EMPTY_BODY = YES;
				CLANG_WARN_ENUM_CONVERSION = YES;
				CLANG_WARN_INT_CONVERSION = YES;
				CLANG_WARN_OBJC_ROOT_CLASS = YES_ERROR;
				CLANG_WARN_UNREACHABLE_CODE = YES;
				CLANG_WARN__DUPLICATE_METHOD_MATCH = YES;
				"CODE_SIGN_IDENTITY[sdk=iphoneos*]" = "iPhone Developer";
				COPY_PHASE_STRIP = YES;
				ENABLE_NS_ASSERTIONS = NO;
				ENABLE_STRICT_OBJC_MSGSEND = YES;
				GCC_C_LANGUAGE_STANDARD = gnu99;
				GCC_WARN_64_TO_32_BIT_CONVERSION = YES;
				GCC_WARN_ABOUT_RETURN_TYPE = YES_ERROR;
				GCC_WARN_UNDECLARED_SELECTOR = YES;
				GCC_WARN_UNINITIALIZED_AUTOS = YES_AGGRESSIVE;
				GCC_WARN_UNUSED_FUNCTION = YES;
				GCC_WARN_UNUSED_VARIABLE = YES;
				IPHONEOS_DEPLOYMENT_TARGET = 8.1;
				MTL_ENABLE_DEBUG_INFO = NO;
				SDKROOT = iphoneos;
				TARGETED_DEVICE_FAMILY = "1,2";
				VALIDATE_PRODUCT = YES;
			};
			name = Release;
		};
		4E22423A1A259D87003AC27D /* Debug */ = {
			isa = XCBuildConfiguration;
			buildSettings = {
				ASSETCATALOG_COMPILER_APPICON_NAME = AppIcon;
				CODE_SIGN_IDENTITY = "iPhone Developer";
				"CODE_SIGN_IDENTITY[sdk=iphoneos*]" = "iPhone Developer";
				INFOPLIST_FILE = TreeLights/Info.plist;
				LD_RUNPATH_SEARCH_PATHS = "$(inherited) @executable_path/Frameworks";
				PRODUCT_NAME = "$(TARGET_NAME)";
				PROVISIONING_PROFILE = "";
			};
			name = Debug;
		};
		4E22423B1A259D87003AC27D /* Release */ = {
			isa = XCBuildConfiguration;
			buildSettings = {
				ASSETCATALOG_COMPILER_APPICON_NAME = AppIcon;
				CODE_SIGN_IDENTITY = "iPhone Developer";
				"CODE_SIGN_IDENTITY[sdk=iphoneos*]" = "iPhone Developer";
				INFOPLIST_FILE = TreeLights/Info.plist;
				LD_RUNPATH_SEARCH_PATHS = "$(inherited) @executable_path/Frameworks";
				PRODUCT_NAME = "$(TARGET_NAME)";
				PROVISIONING_PROFILE = "";
			};
			name = Release;
		};
		4E22423D1A259D87003AC27D /* Debug */ = {
			isa = XCBuildConfiguration;
			buildSettings = {
				BUNDLE_LOADER = "$(TEST_HOST)";
				FRAMEWORK_SEARCH_PATHS = (
					"$(SDKROOT)/Developer/Library/Frameworks",
					"$(inherited)",
				);
				GCC_PREPROCESSOR_DEFINITIONS = (
					"DEBUG=1",
					"$(inherited)",
				);
				INFOPLIST_FILE = TreeLightsTests/Info.plist;
				LD_RUNPATH_SEARCH_PATHS = "$(inherited) @executable_path/Frameworks @loader_path/Frameworks";
				PRODUCT_NAME = "$(TARGET_NAME)";
				TEST_HOST = "$(BUILT_PRODUCTS_DIR)/TreeLights.app/TreeLights";
			};
			name = Debug;
		};
		4E22423E1A259D87003AC27D /* Release */ = {
			isa = XCBuildConfiguration;
			buildSettings = {
				BUNDLE_LOADER = "$(TEST_HOST)";
				FRAMEWORK_SEARCH_PATHS = (
					"$(SDKROOT)/Developer/Library/Frameworks",
					"$(inherited)",
				);
				INFOPLIST_FILE = TreeLightsTests/Info.plist;
				LD_RUNPATH_SEARCH_PATHS = "$(inherited) @executable_path/Frameworks @loader_path/Frameworks";
				PRODUCT_NAME = "$(TARGET_NAME)";
				TEST_HOST = "$(BUILT_PRODUCTS_DIR)/TreeLights.app/TreeLights";
			};
			name = Release;
		};
/* End XCBuildConfiguration section */

/* Begin XCConfigurationList section */
		4E2242111A259D87003AC27D /* Build configuration list for PBXProject "TreeLights" */ = {
			isa = XCConfigurationList;
			buildConfigurations = (
				4E2242371A259D87003AC27D /* Debug */,
				4E2242381A259D87003AC27D /* Release */,
			);
			defaultConfigurationIsVisible = 0;
			defaultConfigurationName = Release;
		};
		4E2242391A259D87003AC27D /* Build configuration list for PBXNativeTarget "TreeLights" */ = {
			isa = XCConfigurationList;
			buildConfigurations = (
				4E22423A1A259D87003AC27D /* Debug */,
				4E22423B1A259D87003AC27D /* Release */,
			);
			defaultConfigurationIsVisible = 0;
		};
		4E22423C1A259D87003AC27D /* Build configuration list for PBXNativeTarget "TreeLightsTests" */ = {
			isa = XCConfigurationList;
			buildConfigurations = (
				4E22423D1A259D87003AC27D /* Debug */,
				4E22423E1A259D87003AC27D /* Release */,
			);
			defaultConfigurationIsVisible = 0;
		};
/* End XCConfigurationList section */
	};
	rootObject = 4E22420E1A259D87003AC27D /* Project object */;
}
